
Microsoft Visual Studio Solution File, Format Version 12.00
# Visual Studio Version 17
VisualStudioVersion = 17.9.34714.143
MinimumVisualStudioVersion = 10.0.40219.1
Project("{FAE04EC0-301F-11D3-BF4B-00C04F79EFBC}") = "ExcelVTEntegrasyonProjesi", "ExcelVTEntegrasyonProjesi\ExcelVTEntegrasyonProjesi.csproj", "{BAA8E810-A819-4F33-8316-54F0999B806F}"
EndProject
Project("{2150E333-8FDC-42A3-9474-1A3956D46DE8}") = "Solution Items", "Solution Items", "{A8283098-51F0-4B2C-B33C-C53602B1EE93}"
	ProjectSection(SolutionItems) = preProject
		.editorconfig = .editorconfig
	EndProjectSection
EndProject
Global
	GlobalSection(SolutionConfigurationPlatforms) = preSolution
		Debug|Any CPU = Debug|Any CPU
		Release|Any CPU = Release|Any CPU
	EndGlobalSection
	GlobalSection(ProjectConfigurationPlatforms) = postSolution
		{BAA8E810-A819-4F33-8316-54F0999B806F}.Debug|Any CPU.ActiveCfg = Debug|Any CPU
		{BAA8E810-A819-4F33-8316-54F0999B806F}.Debug|Any CPU.Build.0 = Debug|Any CPU
		{BAA8E810-A819-4F33-8316-54F0999B806F}.Release|Any CPU.ActiveCfg = Release|Any CPU
		{BAA8E810-A819-4F33-8316-54F0999B806F}.Release|Any CPU.Build.0 = Release|Any CPU
	EndGlobalSection
	GlobalSection(SolutionProperties) = preSolution
		HideSolutionNode = FALSE
	EndGlobalSection
	GlobalSection(ExtensibilityGlobals) = postSolution
		SolutionGuid = {42197EF0-771F-49FB-BB90-E6F8A32C2170}
	EndGlobalSection
EndGlobal
